
Microsoft Visual Studio Solution File, Format Version 12.00
# Visual Studio Version 17
VisualStudioVersion = 17.3.32825.248
MinimumVisualStudioVersion = 10.0.40219.1
Project("{FAE04EC0-301F-11D3-BF4B-00C04F79EFBC}") = "CustomerInfo.API", "CustomerInfo.API\CustomerInfo.API.csproj", "{1D79AC16-2AC5-466E-843A-D2AC8AA49123}"
EndProject
Project("{FAE04EC0-301F-11D3-BF4B-00C04F79EFBC}") = "CustomerInfo.Entities", "CustomerInfo.Entities\CustomerInfo.Entities.csproj", "{32C2BFB7-7E2E-44F3-98A2-22BDE4A27C70}"
EndProject
Project("{FAE04EC0-301F-11D3-BF4B-00C04F79EFBC}") = "CustomerInfo.Data", "CustomerInfo.Data\CustomerInfo.Data.csproj", "{9F0461B1-5CFA-4B5F-9EDA-42C3B3351D5A}"
EndProject
Project("{FAE04EC0-301F-11D3-BF4B-00C04F79EFBC}") = "CustomerInfo.Services", "CustomerInfo.Services\CustomerInfo.Services.csproj", "{90395027-ACDC-41AB-B881-B512D41CDDE0}"
EndProject
Project("{FAE04EC0-301F-11D3-BF4B-00C04F79EFBC}") = "CustomerInfo.Web", "CustomerInfo.Web\CustomerInfo.Web.csproj", "{871C3086-BF17-4A27-B3F4-DA983AF280DA}"
EndProject
Project("{FAE04EC0-301F-11D3-BF4B-00C04F79EFBC}") = "CustomerInfo.Logging", "CustomerInfo.Logging\CustomerInfo.Logging.csproj", "{4E8AC907-EA0F-48AA-9896-3BB8790F0DB3}"
EndProject
Global
	GlobalSection(SolutionConfigurationPlatforms) = preSolution
		Debug|Any CPU = Debug|Any CPU
		Release|Any CPU = Release|Any CPU
	EndGlobalSection
	GlobalSection(ProjectConfigurationPlatforms) = postSolution
		{1D79AC16-2AC5-466E-843A-D2AC8AA49123}.Debug|Any CPU.ActiveCfg = Debug|Any CPU
		{1D79AC16-2AC5-466E-843A-D2AC8AA49123}.Debug|Any CPU.Build.0 = Debug|Any CPU
		{1D79AC16-2AC5-466E-843A-D2AC8AA49123}.Release|Any CPU.ActiveCfg = Release|Any CPU
		{1D79AC16-2AC5-466E-843A-D2AC8AA49123}.Release|Any CPU.Build.0 = Release|Any CPU
		{32C2BFB7-7E2E-44F3-98A2-22BDE4A27C70}.Debug|Any CPU.ActiveCfg = Debug|Any CPU
		{32C2BFB7-7E2E-44F3-98A2-22BDE4A27C70}.Debug|Any CPU.Build.0 = Debug|Any CPU
		{32C2BFB7-7E2E-44F3-98A2-22BDE4A27C70}.Release|Any CPU.ActiveCfg = Release|Any CPU
		{32C2BFB7-7E2E-44F3-98A2-22BDE4A27C70}.Release|Any CPU.Build.0 = Release|Any CPU
		{9F0461B1-5CFA-4B5F-9EDA-42C3B3351D5A}.Debug|Any CPU.ActiveCfg = Debug|Any CPU
		{9F0461B1-5CFA-4B5F-9EDA-42C3B3351D5A}.Debug|Any CPU.Build.0 = Debug|Any CPU
		{9F0461B1-5CFA-4B5F-9EDA-42C3B3351D5A}.Release|Any CPU.ActiveCfg = Release|Any CPU
		{9F0461B1-5CFA-4B5F-9EDA-42C3B3351D5A}.Release|Any CPU.Build.0 = Release|Any CPU
		{90395027-ACDC-41AB-B881-B512D41CDDE0}.Debug|Any CPU.ActiveCfg = Debug|Any CPU
		{90395027-ACDC-41AB-B881-B512D41CDDE0}.Debug|Any CPU.Build.0 = Debug|Any CPU
		{90395027-ACDC-41AB-B881-B512D41CDDE0}.Release|Any CPU.ActiveCfg = Release|Any CPU
		{90395027-ACDC-41AB-B881-B512D41CDDE0}.Release|Any CPU.Build.0 = Release|Any CPU
		{871C3086-BF17-4A27-B3F4-DA983AF280DA}.Debug|Any CPU.ActiveCfg = Debug|Any CPU
		{871C3086-BF17-4A27-B3F4-DA983AF280DA}.Debug|Any CPU.Build.0 = Debug|Any CPU
		{871C3086-BF17-4A27-B3F4-DA983AF280DA}.Release|Any CPU.ActiveCfg = Release|Any CPU
		{871C3086-BF17-4A27-B3F4-DA983AF280DA}.Release|Any CPU.Build.0 = Release|Any CPU
		{4E8AC907-EA0F-48AA-9896-3BB8790F0DB3}.Debug|Any CPU.ActiveCfg = Debug|Any CPU
		{4E8AC907-EA0F-48AA-9896-3BB8790F0DB3}.Debug|Any CPU.Build.0 = Debug|Any CPU
		{4E8AC907-EA0F-48AA-9896-3BB8790F0DB3}.Release|Any CPU.ActiveCfg = Release|Any CPU
		{4E8AC907-EA0F-48AA-9896-3BB8790F0DB3}.Release|Any CPU.Build.0 = Release|Any CPU
	EndGlobalSection
	GlobalSection(SolutionProperties) = preSolution
		HideSolutionNode = FALSE
	EndGlobalSection
	GlobalSection(ExtensibilityGlobals) = postSolution
		SolutionGuid = {8996EB0D-BE8D-4B6B-A79A-5FE437C3A8F5}
	EndGlobalSection
EndGlobal
